
Microsoft Visual Studio Solution File, Format Version 12.00
# Visual Studio Version 17
VisualStudioVersion = 17.4.33205.214
MinimumVisualStudioVersion = 10.0.40219.1
Project("{FAE04EC0-301F-11D3-BF4B-00C04F79EFBC}") = "XIDNA.Editor", "XIDNA.Editor.csproj", "{BDAF135B-FE88-444B-BFE3-4D362BB59767}"
EndProject
Global
	GlobalSection(SolutionConfigurationPlatforms) = preSolution
		Debug|Any CPU = Debug|Any CPU
		Release|Any CPU = Release|Any CPU
	EndGlobalSection
	GlobalSection(ProjectConfigurationPlatforms) = postSolution
		{BDAF135B-FE88-444B-BFE3-4D362BB59767}.Debug|Any CPU.ActiveCfg = Debug|Any CPU
		{BDAF135B-FE88-444B-BFE3-4D362BB59767}.Debug|Any CPU.Build.0 = Debug|Any CPU
		{BDAF135B-FE88-444B-BFE3-4D362BB59767}.Release|Any CPU.ActiveCfg = Release|Any CPU
		{BDAF135B-FE88-444B-BFE3-4D362BB59767}.Release|Any CPU.Build.0 = Release|Any CPU
	EndGlobalSection
	GlobalSection(SolutionProperties) = preSolution
		HideSolutionNode = FALSE
	EndGlobalSection
	GlobalSection(ExtensibilityGlobals) = postSolution
		SolutionGuid = {EAA8774E-1D9B-4FA2-9DEA-006F84184756}
	EndGlobalSection
EndGlobal
